// !$*UTF8*$!
{
	archiveVersion = 1;
	classes = {
	};
	objectVersion = 46;
	objects = {

/* Begin PBXBuildFile section */
		8E82F2B61EA7C38000EB76E5 /* AppDelegate.swift in Sources */ = {isa = PBXBuildFile; fileRef = 8E82F2B51EA7C38000EB76E5 /* AppDelegate.swift */; };
		8E82F2B81EA7C38000EB76E5 /* ViewController.swift in Sources */ = {isa = PBXBuildFile; fileRef = 8E82F2B71EA7C38000EB76E5 /* ViewController.swift */; };
		8E82F2BB1EA7C38000EB76E5 /* Main.storyboard in Resources */ = {isa = PBXBuildFile; fileRef = 8E82F2B91EA7C38000EB76E5 /* Main.storyboard */; };
		8E82F2BD1EA7C38000EB76E5 /* Assets.xcassets in Resources */ = {isa = PBXBuildFile; fileRef = 8E82F2BC1EA7C38000EB76E5 /* Assets.xcassets */; };
		8E82F2C91EA7C44500EB76E5 /* SplashViewController.swift in Sources */ = {isa = PBXBuildFile; fileRef = 8E82F2C81EA7C44500EB76E5 /* SplashViewController.swift */; };
		8E82F2CE1EA7C5E400EB76E5 /* CAEmitterParticleAnimation.swift in Sources */ = {isa = PBXBuildFile; fileRef = 8E82F2CD1EA7C5E400EB76E5 /* CAEmitterParticleAnimation.swift */; };
		8E82F2D11EA7C63600EB76E5 /* ArrayExtension.swift in Sources */ = {isa = PBXBuildFile; fileRef = 8E82F2D01EA7C63600EB76E5 /* ArrayExtension.swift */; };
/* End PBXBuildFile section */

/* Begin PBXFileReference section */
		8E82F2B21EA7C38000EB76E5 /* CookpadPhotoViewer.app */ = {isa = PBXFileReference; explicitFileType = wrapper.application; includeInIndex = 0; path = CookpadPhotoViewer.app; sourceTree = BUILT_PRODUCTS_DIR; };
		8E82F2B51EA7C38000EB76E5 /* AppDelegate.swift */ = {isa = PBXFileReference; lastKnownFileType = sourcecode.swift; path = AppDelegate.swift; sourceTree = "<group>"; };
		8E82F2B71EA7C38000EB76E5 /* ViewController.swift */ = {isa = PBXFileReference; lastKnownFileType = sourcecode.swift; path = ViewController.swift; sourceTree = "<group>"; };
		8E82F2BA1EA7C38000EB76E5 /* Base */ = {isa = PBXFileReference; lastKnownFileType = file.storyboard; name = Base; path = Base.lproj/Main.storyboard; sourceTree = "<group>"; };
		8E82F2BC1EA7C38000EB76E5 /* Assets.xcassets */ = {isa = PBXFileReference; lastKnownFileType = folder.assetcatalog; path = Assets.xcassets; sourceTree = "<group>"; };
		8E82F2C11EA7C38000EB76E5 /* Info.plist */ = {isa = PBXFileReference; lastKnownFileType = text.plist.xml; path = Info.plist; sourceTree = "<group>"; };
		8E82F2C81EA7C44500EB76E5 /* SplashViewController.swift */ = {isa = PBXFileReference; fileEncoding = 4; lastKnownFileType = sourcecode.swift; name = SplashViewController.swift; path = ViewControllers/SplashViewController.swift; sourceTree = "<group>"; };
		8E82F2CD1EA7C5E400EB76E5 /* CAEmitterParticleAnimation.swift */ = {isa = PBXFileReference; fileEncoding = 4; lastKnownFileType = sourcecode.swift; name = CAEmitterParticleAnimation.swift; path = Animations/CAEmitterParticleAnimation.swift; sourceTree = "<group>"; };
		8E82F2D01EA7C63600EB76E5 /* ArrayExtension.swift */ = {isa = PBXFileReference; fileEncoding = 4; lastKnownFileType = sourcecode.swift; name = ArrayExtension.swift; path = Extensions/ArrayExtension.swift; sourceTree = "<group>"; };
/* End PBXFileReference section */

/* Begin PBXFrameworksBuildPhase section */
		8E82F2AF1EA7C38000EB76E5 /* Frameworks */ = {
			isa = PBXFrameworksBuildPhase;
			buildActionMask = 2147483647;
			files = (
			);
			runOnlyForDeploymentPostprocessing = 0;
		};
/* End PBXFrameworksBuildPhase section */

/* Begin PBXGroup section */
		8E82F2A91EA7C38000EB76E5 = {
			isa = PBXGroup;
			children = (
				8E82F2B41EA7C38000EB76E5 /* CookpadPhotoViewer */,
				8E82F2B31EA7C38000EB76E5 /* Products */,
			);
			sourceTree = "<group>";
		};
		8E82F2B31EA7C38000EB76E5 /* Products */ = {
			isa = PBXGroup;
			children = (
				8E82F2B21EA7C38000EB76E5 /* CookpadPhotoViewer.app */,
			);
			name = Products;
			sourceTree = "<group>";
		};
		8E82F2B41EA7C38000EB76E5 /* CookpadPhotoViewer */ = {
			isa = PBXGroup;
			children = (
				8E82F2CF1EA7C61C00EB76E5 /* Extensions */,
				8E82F2CA1EA7C58700EB76E5 /* Animations */,
				8E82F2C71EA7C43000EB76E5 /* ViewControllers */,
				8E82F2B51EA7C38000EB76E5 /* AppDelegate.swift */,
				8E82F2B91EA7C38000EB76E5 /* Main.storyboard */,
				8E82F2BC1EA7C38000EB76E5 /* Assets.xcassets */,
				8E82F2C11EA7C38000EB76E5 /* Info.plist */,
			);
			path = CookpadPhotoViewer;
			sourceTree = "<group>";
		};
		8E82F2C71EA7C43000EB76E5 /* ViewControllers */ = {
			isa = PBXGroup;
			children = (
				8E82F2B71EA7C38000EB76E5 /* ViewController.swift */,
				8E82F2C81EA7C44500EB76E5 /* SplashViewController.swift */,
			);
			name = ViewControllers;
			sourceTree = "<group>";
		};
		8E82F2CA1EA7C58700EB76E5 /* Animations */ = {
			isa = PBXGroup;
			children = (
				8E82F2CD1EA7C5E400EB76E5 /* CAEmitterParticleAnimation.swift */,
			);
			name = Animations;
			sourceTree = "<group>";
		};
		8E82F2CF1EA7C61C00EB76E5 /* Extensions */ = {
			isa = PBXGroup;
			children = (
				8E82F2D01EA7C63600EB76E5 /* ArrayExtension.swift */,
			);
			name = Extensions;
			sourceTree = "<group>";
		};
/* End PBXGroup section */

/* Begin PBXNativeTarget section */
		8E82F2B11EA7C38000EB76E5 /* CookpadPhotoViewer */ = {
			isa = PBXNativeTarget;
			buildConfigurationList = 8E82F2C41EA7C38000EB76E5 /* Build configuration list for PBXNativeTarget "CookpadPhotoViewer" */;
			buildPhases = (
				8E82F2AE1EA7C38000EB76E5 /* Sources */,
				8E82F2AF1EA7C38000EB76E5 /* Frameworks */,
				8E82F2B01EA7C38000EB76E5 /* Resources */,
			);
			buildRules = (
			);
			dependencies = (
			);
			name = CookpadPhotoViewer;
			productName = CookpadPhotoViewer;
			productReference = 8E82F2B21EA7C38000EB76E5 /* CookpadPhotoViewer.app */;
			productType = "com.apple.product-type.application";
		};
/* End PBXNativeTarget section */

/* Begin PBXProject section */
		8E82F2AA1EA7C38000EB76E5 /* Project object */ = {
			isa = PBXProject;
			attributes = {
				LastSwiftUpdateCheck = 0820;
				LastUpgradeCheck = 0820;
				ORGANIZATIONNAME = Aymen;
				TargetAttributes = {
					8E82F2B11EA7C38000EB76E5 = {
						CreatedOnToolsVersion = 8.2;
						DevelopmentTeam = 5GARSM38JL;
						ProvisioningStyle = Automatic;
					};
				};
			};
			buildConfigurationList = 8E82F2AD1EA7C38000EB76E5 /* Build configuration list for PBXProject "CookpadPhotoViewer" */;
			compatibilityVersion = "Xcode 3.2";
			developmentRegion = English;
			hasScannedForEncodings = 0;
			knownRegions = (
				en,
				Base,
			);
			mainGroup = 8E82F2A91EA7C38000EB76E5;
			productRefGroup = 8E82F2B31EA7C38000EB76E5 /* Products */;
			projectDirPath = "";
			projectRoot = "";
			targets = (
				8E82F2B11EA7C38000EB76E5 /* CookpadPhotoViewer */,
			);
		};
/* End PBXProject section */

/* Begin PBXResourcesBuildPhase section */
		8E82F2B01EA7C38000EB76E5 /* Resources */ = {
			isa = PBXResourcesBuildPhase;
			buildActionMask = 2147483647;
			files = (
				8E82F2BD1EA7C38000EB76E5 /* Assets.xcassets in Resources */,
				8E82F2BB1EA7C38000EB76E5 /* Main.storyboard in Resources */,
			);
			runOnlyForDeploymentPostprocessing = 0;
		};
/* End PBXResourcesBuildPhase section */

/* Begin PBXSourcesBuildPhase section */
		8E82F2AE1EA7C38000EB76E5 /* Sources */ = {
			isa = PBXSourcesBuildPhase;
			buildActionMask = 2147483647;
			files = (
				8E82F2D11EA7C63600EB76E5 /* ArrayExtension.swift in Sources */,
				8E82F2C91EA7C44500EB76E5 /* SplashViewController.swift in Sources */,
				8E82F2CE1EA7C5E400EB76E5 /* CAEmitterParticleAnimation.swift in Sources */,
				8E82F2B81EA7C38000EB76E5 /* ViewController.swift in Sources */,
				8E82F2B61EA7C38000EB76E5 /* AppDelegate.swift in Sources */,
			);
			runOnlyForDeploymentPostprocessing = 0;
		};
/* End PBXSourcesBuildPhase section */

/* Begin PBXVariantGroup section */
		8E82F2B91EA7C38000EB76E5 /* Main.storyboard */ = {
			isa = PBXVariantGroup;
			children = (
				8E82F2BA1EA7C38000EB76E5 /* Base */,
			);
			name = Main.storyboard;
			sourceTree = "<group>";
		};
/* End PBXVariantGroup section */

/* Begin XCBuildConfiguration section */
		8E82F2C21EA7C38000EB76E5 /* Debug */ = {
			isa = XCBuildConfiguration;
			buildSettings = {
				ALWAYS_SEARCH_USER_PATHS = NO;
				CLANG_ANALYZER_NONNULL = YES;
				CLANG_CXX_LANGUAGE_STANDARD = "gnu++0x";
				CLANG_CXX_LIBRARY = "libc++";
				CLANG_ENABLE_MODULES = YES;
				CLANG_ENABLE_OBJC_ARC = YES;
				CLANG_WARN_BOOL_CONVERSION = YES;
				CLANG_WARN_CONSTANT_CONVERSION = YES;
				CLANG_WARN_DIRECT_OBJC_ISA_USAGE = YES_ERROR;
				CLANG_WARN_DOCUMENTATION_COMMENTS = YES;
				CLANG_WARN_EMPTY_BODY = YES;
				CLANG_WARN_ENUM_CONVERSION = YES;
				CLANG_WARN_INFINITE_RECURSION = YES;
				CLANG_WARN_INT_CONVERSION = YES;
				CLANG_WARN_OBJC_ROOT_CLASS = YES_ERROR;
				CLANG_WARN_SUSPICIOUS_MOVE = YES;
				CLANG_WARN_UNREACHABLE_CODE = YES;
				CLANG_WARN__DUPLICATE_METHOD_MATCH = YES;
				"CODE_SIGN_IDENTITY[sdk=iphoneos*]" = "iPhone Developer";
				COPY_PHASE_STRIP = NO;
				DEBUG_INFORMATION_FORMAT = dwarf;
				ENABLE_STRICT_OBJC_MSGSEND = YES;
				ENABLE_TESTABILITY = YES;
				GCC_C_LANGUAGE_STANDARD = gnu99;
				GCC_DYNAMIC_NO_PIC = NO;
				GCC_NO_COMMON_BLOCKS = YES;
				GCC_OPTIMIZATION_LEVEL = 0;
				GCC_PREPROCESSOR_DEFINITIONS = (
					"DEBUG=1",
					"$(inherited)",
				);
				GCC_WARN_64_TO_32_BIT_CONVERSION = YES;
				GCC_WARN_ABOUT_RETURN_TYPE = YES_ERROR;
				GCC_WARN_UNDECLARED_SELECTOR = YES;
				GCC_WARN_UNINITIALIZED_AUTOS = YES_AGGRESSIVE;
				GCC_WARN_UNUSED_FUNCTION = YES;
				GCC_WARN_UNUSED_VARIABLE = YES;
				IPHONEOS_DEPLOYMENT_TARGET = 10.2;
				MTL_ENABLE_DEBUG_INFO = YES;
				ONLY_ACTIVE_ARCH = YES;
				SDKROOT = iphoneos;
				SWIFT_ACTIVE_COMPILATION_CONDITIONS = DEBUG;
				SWIFT_OPTIMIZATION_LEVEL = "-Onone";
			};
			name = Debug;
		};
		8E82F2C31EA7C38000EB76E5 /* Release */ = {
			isa = XCBuildConfiguration;
			buildSettings = {
				ALWAYS_SEARCH_USER_PATHS = NO;
				CLANG_ANALYZER_NONNULL = YES;
				CLANG_CXX_LANGUAGE_STANDARD = "gnu++0x";
				CLANG_CXX_LIBRARY = "libc++";
				CLANG_ENABLE_MODULES = YES;
				CLANG_ENABLE_OBJC_ARC = YES;
				CLANG_WARN_BOOL_CONVERSION = YES;
				CLANG_WARN_CONSTANT_CONVERSION = YES;
				CLANG_WARN_DIRECT_OBJC_ISA_USAGE = YES_ERROR;
				CLANG_WARN_DOCUMENTATION_COMMENTS = YES;
				CLANG_WARN_EMPTY_BODY = YES;
				CLANG_WARN_ENUM_CONVERSION = YES;
				CLANG_WARN_INFINITE_RECURSION = YES;
				CLANG_WARN_INT_CONVERSION = YES;
				CLANG_WARN_OBJC_ROOT_CLASS = YES_ERROR;
				CLANG_WARN_SUSPICIOUS_MOVE = YES;
				CLANG_WARN_UNREACHABLE_CODE = YES;
				CLANG_WARN__DUPLICATE_METHOD_MATCH = YES;
				"CODE_SIGN_IDENTITY[sdk=iphoneos*]" = "iPhone Developer";
				COPY_PHASE_STRIP = NO;
				DEBUG_INFORMATION_FORMAT = "dwarf-with-dsym";
				ENABLE_NS_ASSERTIONS = NO;
				ENABLE_STRICT_OBJC_MSGSEND = YES;
				GCC_C_LANGUAGE_STANDARD = gnu99;
				GCC_NO_COMMON_BLOCKS = YES;
				GCC_WARN_64_TO_32_BIT_CONVERSION = YES;
				GCC_WARN_ABOUT_RETURN_TYPE = YES_ERROR;
				GCC_WARN_UNDECLARED_SELECTOR = YES;
				GCC_WARN_UNINITIALIZED_AUTOS = YES_AGGRESSIVE;
				GCC_WARN_UNUSED_FUNCTION = YES;
				GCC_WARN_UNUSED_VARIABLE = YES;
				IPHONEOS_DEPLOYMENT_TARGET = 10.2;
				MTL_ENABLE_DEBUG_INFO = NO;
				SDKROOT = iphoneos;
				SWIFT_OPTIMIZATION_LEVEL = "-Owholemodule";
				VALIDATE_PRODUCT = YES;
			};
			name = Release;
		};
		8E82F2C51EA7C38000EB76E5 /* Debug */ = {
			isa = XCBuildConfiguration;
			buildSettings = {
				ASSETCATALOG_COMPILER_APPICON_NAME = AppIcon;
				DEVELOPMENT_TEAM = 5GARSM38JL;
				INFOPLIST_FILE = CookpadPhotoViewer/Info.plist;
				LD_RUNPATH_SEARCH_PATHS = "$(inherited) @executable_path/Frameworks";
				PRODUCT_BUNDLE_IDENTIFIER = com.aymenworks.CookpadPhotoViewer;
				PRODUCT_NAME = "$(TARGET_NAME)";
				SWIFT_VERSION = 3.0;
			};
			name = Debug;
		};
		8E82F2C61EA7C38000EB76E5 /* Release */ = {
			isa = XCBuildConfiguration;
			buildSettings = {
				ASSETCATALOG_COMPILER_APPICON_NAME = AppIcon;
				DEVELOPMENT_TEAM = 5GARSM38JL;
				INFOPLIST_FILE = CookpadPhotoViewer/Info.plist;
				LD_RUNPATH_SEARCH_PATHS = "$(inherited) @executable_path/Frameworks";
				PRODUCT_BUNDLE_IDENTIFIER = com.aymenworks.CookpadPhotoViewer;
				PRODUCT_NAME = "$(TARGET_NAME)";
				SWIFT_VERSION = 3.0;
			};
			name = Release;
		};
/* End XCBuildConfiguration section */

/* Begin XCConfigurationList section */
		8E82F2AD1EA7C38000EB76E5 /* Build configuration list for PBXProject "CookpadPhotoViewer" */ = {
			isa = XCConfigurationList;
			buildConfigurations = (
				8E82F2C21EA7C38000EB76E5 /* Debug */,
				8E82F2C31EA7C38000EB76E5 /* Release */,
			);
			defaultConfigurationIsVisible = 0;
			defaultConfigurationName = Release;
		};
		8E82F2C41EA7C38000EB76E5 /* Build configuration list for PBXNativeTarget "CookpadPhotoViewer" */ = {
			isa = XCConfigurationList;
			buildConfigurations = (
				8E82F2C51EA7C38000EB76E5 /* Debug */,
				8E82F2C61EA7C38000EB76E5 /* Release */,
			);
			defaultConfigurationIsVisible = 0;
		};
/* End XCConfigurationList section */
	};
	rootObject = 8E82F2AA1EA7C38000EB76E5 /* Project object */;
}
